
Microsoft Visual Studio Solution File, Format Version 12.00
# Visual Studio Version 16
VisualStudioVersion = 16.0.31205.134
MinimumVisualStudioVersion = 10.0.40219.1
Project("{9A19103F-16F7-4668-BE54-9A1E7A4F7556}") = "Quatcher", "Quatcher\Quatcher.csproj", "{F197175B-20FD-48E0-A70B-B23B2B861C10}"
EndProject
Project("{FAE04EC0-301F-11D3-BF4B-00C04F79EFBC}") = "Quatcher.Core", "Quatcher.Core\Quatcher.Core.csproj", "{C02D15DD-D4A2-478A-9129-500EF33BF05D}"
EndProject
Project("{FAE04EC0-301F-11D3-BF4B-00C04F79EFBC}") = "Quatcher.Axml", "Quatcher.Axml\Quatcher.Axml.csproj", "{9F254220-2B69-4CD0-86FC-E5F3C2E3BDFF}"
EndProject
Global
	GlobalSection(SolutionConfigurationPlatforms) = preSolution
		Debug|Any CPU = Debug|Any CPU
		Release|Any CPU = Release|Any CPU
	EndGlobalSection
	GlobalSection(ProjectConfigurationPlatforms) = postSolution
		{F197175B-20FD-48E0-A70B-B23B2B861C10}.Debug|Any CPU.ActiveCfg = Debug|Any CPU
		{F197175B-20FD-48E0-A70B-B23B2B861C10}.Debug|Any CPU.Build.0 = Debug|Any CPU
		{F197175B-20FD-48E0-A70B-B23B2B861C10}.Release|Any CPU.ActiveCfg = Release|Any CPU
		{F197175B-20FD-48E0-A70B-B23B2B861C10}.Release|Any CPU.Build.0 = Release|Any CPU
		{C02D15DD-D4A2-478A-9129-500EF33BF05D}.Debug|Any CPU.ActiveCfg = Debug|Any CPU
		{C02D15DD-D4A2-478A-9129-500EF33BF05D}.Debug|Any CPU.Build.0 = Debug|Any CPU
		{C02D15DD-D4A2-478A-9129-500EF33BF05D}.Release|Any CPU.ActiveCfg = Release|Any CPU
		{C02D15DD-D4A2-478A-9129-500EF33BF05D}.Release|Any CPU.Build.0 = Release|Any CPU
		{9F254220-2B69-4CD0-86FC-E5F3C2E3BDFF}.Debug|Any CPU.ActiveCfg = Debug|Any CPU
		{9F254220-2B69-4CD0-86FC-E5F3C2E3BDFF}.Debug|Any CPU.Build.0 = Debug|Any CPU
		{9F254220-2B69-4CD0-86FC-E5F3C2E3BDFF}.Release|Any CPU.ActiveCfg = Release|Any CPU
		{9F254220-2B69-4CD0-86FC-E5F3C2E3BDFF}.Release|Any CPU.Build.0 = Release|Any CPU
	EndGlobalSection
	GlobalSection(SolutionProperties) = preSolution
		HideSolutionNode = FALSE
	EndGlobalSection
	GlobalSection(ExtensibilityGlobals) = postSolution
		SolutionGuid = {BEB09022-AC57-4952-8A1D-826B263C42E9}
	EndGlobalSection
EndGlobal
