
Microsoft Visual Studio Solution File, Format Version 12.00
# Visual Studio Version 16
VisualStudioVersion = 16.0.30907.101
MinimumVisualStudioVersion = 10.0.40219.1
Project("{9A19103F-16F7-4668-BE54-9A1E7A4F7556}") = "QuestPatcher", "QuestPatcher.csproj", "{801604ED-CF09-4CD4-8355-3C40A796B3FF}"
EndProject
Global
	GlobalSection(SolutionConfigurationPlatforms) = preSolution
		Debug|Any CPU = Debug|Any CPU
		Release|Any CPU = Release|Any CPU
	EndGlobalSection
	GlobalSection(ProjectConfigurationPlatforms) = postSolution
		{801604ED-CF09-4CD4-8355-3C40A796B3FF}.Debug|Any CPU.ActiveCfg = Debug|Any CPU
		{801604ED-CF09-4CD4-8355-3C40A796B3FF}.Debug|Any CPU.Build.0 = Debug|Any CPU
		{801604ED-CF09-4CD4-8355-3C40A796B3FF}.Release|Any CPU.ActiveCfg = Release|Any CPU
		{801604ED-CF09-4CD4-8355-3C40A796B3FF}.Release|Any CPU.Build.0 = Release|Any CPU
	EndGlobalSection
	GlobalSection(SolutionProperties) = preSolution
		HideSolutionNode = FALSE
	EndGlobalSection
	GlobalSection(ExtensibilityGlobals) = postSolution
		SolutionGuid = {FE7E11B3-F050-4EB2-A6C8-E0EA5898F278}
	EndGlobalSection
EndGlobal
